// !$*UTF8*$!
{
	archiveVersion = 1;
	classes = {
	};
	objectVersion = 50;
	objects = {

/* Begin PBXBuildFile section */
		D07A534722113C8800FF7FF9 /* HomeTests.swift in Sources */ = {isa = PBXBuildFile; fileRef = D07A534622113C8800FF7FF9 /* HomeTests.swift */; };
		D07A53492211513A00FF7FF9 /* LoginMocks.swift in Sources */ = {isa = PBXBuildFile; fileRef = D07A53482211513A00FF7FF9 /* LoginMocks.swift */; };
		D07A534B221171E500FF7FF9 /* HomeMocks.swift in Sources */ = {isa = PBXBuildFile; fileRef = D07A534A221171E500FF7FF9 /* HomeMocks.swift */; };
		D07A534D2211739F00FF7FF9 /* LoginModel.swift in Sources */ = {isa = PBXBuildFile; fileRef = D07A534C2211739F00FF7FF9 /* LoginModel.swift */; };
		D07A5350221189AD00FF7FF9 /* LoginUITests.swift in Sources */ = {isa = PBXBuildFile; fileRef = D07A534F221189AD00FF7FF9 /* LoginUITests.swift */; };
		D07A53522211A14D00FF7FF9 /* TestConstants.swift in Sources */ = {isa = PBXBuildFile; fileRef = D07A53512211A14D00FF7FF9 /* TestConstants.swift */; };
		D09B6B11220AA67C00B14E95 /* AppDelegate.swift in Sources */ = {isa = PBXBuildFile; fileRef = D09B6B10220AA67C00B14E95 /* AppDelegate.swift */; };
		D09B6B16220AA67C00B14E95 /* Main.storyboard in Resources */ = {isa = PBXBuildFile; fileRef = D09B6B14220AA67C00B14E95 /* Main.storyboard */; };
		D09B6B18220AA67E00B14E95 /* Assets.xcassets in Resources */ = {isa = PBXBuildFile; fileRef = D09B6B17220AA67E00B14E95 /* Assets.xcassets */; };
		D09B6B1B220AA67E00B14E95 /* LaunchScreen.storyboard in Resources */ = {isa = PBXBuildFile; fileRef = D09B6B19220AA67E00B14E95 /* LaunchScreen.storyboard */; };
		D09B6B40220AA6C000B14E95 /* Constants.swift in Sources */ = {isa = PBXBuildFile; fileRef = D09B6B3F220AA6C000B14E95 /* Constants.swift */; };
		D09B6B47220AB5A300B14E95 /* BasePresenter.swift in Sources */ = {isa = PBXBuildFile; fileRef = D09B6B46220AB5A300B14E95 /* BasePresenter.swift */; };
		D09B6B4A220AB63D00B14E95 /* LoginPresenter.swift in Sources */ = {isa = PBXBuildFile; fileRef = D09B6B49220AB63D00B14E95 /* LoginPresenter.swift */; };
		D09B6B4C220AB66000B14E95 /* LoginViewController.swift in Sources */ = {isa = PBXBuildFile; fileRef = D09B6B4B220AB66000B14E95 /* LoginViewController.swift */; };
		D09B6B4E220ABD1A00B14E95 /* BaseViewController.swift in Sources */ = {isa = PBXBuildFile; fileRef = D09B6B4D220ABD1A00B14E95 /* BaseViewController.swift */; };
		D09B6B51220AC08700B14E95 /* Home.storyboard in Resources */ = {isa = PBXBuildFile; fileRef = D09B6B50220AC08700B14E95 /* Home.storyboard */; };
		D09B6B54220AC0BB00B14E95 /* HomeViewController.swift in Sources */ = {isa = PBXBuildFile; fileRef = D09B6B53220AC0BB00B14E95 /* HomeViewController.swift */; };
		D09B6B56220AD5ED00B14E95 /* CKeypadObserver.swift in Sources */ = {isa = PBXBuildFile; fileRef = D09B6B55220AD5ED00B14E95 /* CKeypadObserver.swift */; };
		D09B6B58220AD5F300B14E95 /* CoreViewController.swift in Sources */ = {isa = PBXBuildFile; fileRef = D09B6B57220AD5F300B14E95 /* CoreViewController.swift */; };
		D09B6B5A220AFF5700B14E95 /* Extenstions.swift in Sources */ = {isa = PBXBuildFile; fileRef = D09B6B59220AFF5700B14E95 /* Extenstions.swift */; };
		D09B6B5D220B029700B14E95 /* User.swift in Sources */ = {isa = PBXBuildFile; fileRef = D09B6B5C220B029700B14E95 /* User.swift */; };
		D0CCC00B220C0DAE005F3C31 /* LoginTests.swift in Sources */ = {isa = PBXBuildFile; fileRef = D0CCC00A220C0DAE005F3C31 /* LoginTests.swift */; };
		D0CCC00E220C464C005F3C31 /* TestConstants.swift in Sources */ = {isa = PBXBuildFile; fileRef = D0CCC00D220C464C005F3C31 /* TestConstants.swift */; };
		D0CCC012220C4E74005F3C31 /* HomePresenter.swift in Sources */ = {isa = PBXBuildFile; fileRef = D0CCC011220C4E74005F3C31 /* HomePresenter.swift */; };
		D0CCC015220C5527005F3C31 /* NetworkManager.swift in Sources */ = {isa = PBXBuildFile; fileRef = D0CCC014220C5527005F3C31 /* NetworkManager.swift */; };
		D0DDA8FD2212914600319027 /* TestExtenstions.swift in Sources */ = {isa = PBXBuildFile; fileRef = D0DDA8FC2212914600319027 /* TestExtenstions.swift */; };
		D0F0D4E2220D3623006725C6 /* CActivityIndicator.swift in Sources */ = {isa = PBXBuildFile; fileRef = D0F0D4E1220D3623006725C6 /* CActivityIndicator.swift */; };
		D0F0D4E5220D90FE006725C6 /* UserTableViewCell.swift in Sources */ = {isa = PBXBuildFile; fileRef = D0F0D4E4220D90FE006725C6 /* UserTableViewCell.swift */; };
		D0F0D4E9220D9841006725C6 /* UserTableViewCellPresenter.swift in Sources */ = {isa = PBXBuildFile; fileRef = D0F0D4E8220D9841006725C6 /* UserTableViewCellPresenter.swift */; };
		D0FDA643221BE72600E1BD9E /* Storyboarded.swift in Sources */ = {isa = PBXBuildFile; fileRef = D0FDA642221BE72600E1BD9E /* Storyboarded.swift */; };
/* End PBXBuildFile section */

/* Begin PBXContainerItemProxy section */
		D09B6B22220AA67E00B14E95 /* PBXContainerItemProxy */ = {
			isa = PBXContainerItemProxy;
			containerPortal = D09B6B05220AA67B00B14E95 /* Project object */;
			proxyType = 1;
			remoteGlobalIDString = D09B6B0C220AA67B00B14E95;
			remoteInfo = MVPDemo2;
		};
		D09B6B2D220AA67E00B14E95 /* PBXContainerItemProxy */ = {
			isa = PBXContainerItemProxy;
			containerPortal = D09B6B05220AA67B00B14E95 /* Project object */;
			proxyType = 1;
			remoteGlobalIDString = D09B6B0C220AA67B00B14E95;
			remoteInfo = MVPDemo2;
		};
/* End PBXContainerItemProxy section */

/* Begin PBXFileReference section */
		D07A534622113C8800FF7FF9 /* HomeTests.swift */ = {isa = PBXFileReference; lastKnownFileType = sourcecode.swift; path = HomeTests.swift; sourceTree = "<group>"; };
		D07A53482211513A00FF7FF9 /* LoginMocks.swift */ = {isa = PBXFileReference; lastKnownFileType = sourcecode.swift; path = LoginMocks.swift; sourceTree = "<group>"; };
		D07A534A221171E500FF7FF9 /* HomeMocks.swift */ = {isa = PBXFileReference; lastKnownFileType = sourcecode.swift; path = HomeMocks.swift; sourceTree = "<group>"; };
		D07A534C2211739F00FF7FF9 /* LoginModel.swift */ = {isa = PBXFileReference; lastKnownFileType = sourcecode.swift; path = LoginModel.swift; sourceTree = "<group>"; };
		D07A534F221189AD00FF7FF9 /* LoginUITests.swift */ = {isa = PBXFileReference; lastKnownFileType = sourcecode.swift; path = LoginUITests.swift; sourceTree = "<group>"; };
		D07A53512211A14D00FF7FF9 /* TestConstants.swift */ = {isa = PBXFileReference; fileEncoding = 4; lastKnownFileType = sourcecode.swift; name = TestConstants.swift; path = MVPDemo2UITests/Helpers/TestConstants.swift; sourceTree = SOURCE_ROOT; };
		D09B6B0D220AA67B00B14E95 /* MVPDemo2.app */ = {isa = PBXFileReference; explicitFileType = wrapper.application; includeInIndex = 0; path = MVPDemo2.app; sourceTree = BUILT_PRODUCTS_DIR; };
		D09B6B10220AA67C00B14E95 /* AppDelegate.swift */ = {isa = PBXFileReference; lastKnownFileType = sourcecode.swift; path = AppDelegate.swift; sourceTree = "<group>"; };
		D09B6B15220AA67C00B14E95 /* Base */ = {isa = PBXFileReference; lastKnownFileType = file.storyboard; name = Base; path = Base.lproj/Main.storyboard; sourceTree = "<group>"; };
		D09B6B17220AA67E00B14E95 /* Assets.xcassets */ = {isa = PBXFileReference; lastKnownFileType = folder.assetcatalog; path = Assets.xcassets; sourceTree = "<group>"; };
		D09B6B1A220AA67E00B14E95 /* Base */ = {isa = PBXFileReference; lastKnownFileType = file.storyboard; name = Base; path = Base.lproj/LaunchScreen.storyboard; sourceTree = "<group>"; };
		D09B6B1C220AA67E00B14E95 /* Info.plist */ = {isa = PBXFileReference; lastKnownFileType = text.plist.xml; path = Info.plist; sourceTree = "<group>"; };
		D09B6B21220AA67E00B14E95 /* MVPDemo2Tests.xctest */ = {isa = PBXFileReference; explicitFileType = wrapper.cfbundle; includeInIndex = 0; path = MVPDemo2Tests.xctest; sourceTree = BUILT_PRODUCTS_DIR; };
		D09B6B27220AA67E00B14E95 /* Info.plist */ = {isa = PBXFileReference; lastKnownFileType = text.plist.xml; path = Info.plist; sourceTree = "<group>"; };
		D09B6B2C220AA67E00B14E95 /* MVPDemo2UITests.xctest */ = {isa = PBXFileReference; explicitFileType = wrapper.cfbundle; includeInIndex = 0; path = MVPDemo2UITests.xctest; sourceTree = BUILT_PRODUCTS_DIR; };
		D09B6B32220AA67E00B14E95 /* Info.plist */ = {isa = PBXFileReference; lastKnownFileType = text.plist.xml; path = Info.plist; sourceTree = "<group>"; };
		D09B6B3F220AA6C000B14E95 /* Constants.swift */ = {isa = PBXFileReference; lastKnownFileType = sourcecode.swift; path = Constants.swift; sourceTree = "<group>"; };
		D09B6B46220AB5A300B14E95 /* BasePresenter.swift */ = {isa = PBXFileReference; lastKnownFileType = sourcecode.swift; path = BasePresenter.swift; sourceTree = "<group>"; };
		D09B6B49220AB63D00B14E95 /* LoginPresenter.swift */ = {isa = PBXFileReference; lastKnownFileType = sourcecode.swift; path = LoginPresenter.swift; sourceTree = "<group>"; };
		D09B6B4B220AB66000B14E95 /* LoginViewController.swift */ = {isa = PBXFileReference; lastKnownFileType = sourcecode.swift; path = LoginViewController.swift; sourceTree = "<group>"; };
		D09B6B4D220ABD1A00B14E95 /* BaseViewController.swift */ = {isa = PBXFileReference; lastKnownFileType = sourcecode.swift; path = BaseViewController.swift; sourceTree = "<group>"; };
		D09B6B50220AC08700B14E95 /* Home.storyboard */ = {isa = PBXFileReference; lastKnownFileType = file.storyboard; path = Home.storyboard; sourceTree = "<group>"; };
		D09B6B53220AC0BB00B14E95 /* HomeViewController.swift */ = {isa = PBXFileReference; lastKnownFileType = sourcecode.swift; path = HomeViewController.swift; sourceTree = "<group>"; };
		D09B6B55220AD5ED00B14E95 /* CKeypadObserver.swift */ = {isa = PBXFileReference; fileEncoding = 4; lastKnownFileType = sourcecode.swift; path = CKeypadObserver.swift; sourceTree = "<group>"; };
		D09B6B57220AD5F300B14E95 /* CoreViewController.swift */ = {isa = PBXFileReference; fileEncoding = 4; lastKnownFileType = sourcecode.swift; path = CoreViewController.swift; sourceTree = "<group>"; };
		D09B6B59220AFF5700B14E95 /* Extenstions.swift */ = {isa = PBXFileReference; lastKnownFileType = sourcecode.swift; path = Extenstions.swift; sourceTree = "<group>"; };
		D09B6B5C220B029700B14E95 /* User.swift */ = {isa = PBXFileReference; lastKnownFileType = sourcecode.swift; path = User.swift; sourceTree = "<group>"; };
		D0CCC00A220C0DAE005F3C31 /* LoginTests.swift */ = {isa = PBXFileReference; lastKnownFileType = sourcecode.swift; path = LoginTests.swift; sourceTree = "<group>"; };
		D0CCC00D220C464C005F3C31 /* TestConstants.swift */ = {isa = PBXFileReference; lastKnownFileType = sourcecode.swift; path = TestConstants.swift; sourceTree = "<group>"; };
		D0CCC011220C4E74005F3C31 /* HomePresenter.swift */ = {isa = PBXFileReference; lastKnownFileType = sourcecode.swift; path = HomePresenter.swift; sourceTree = "<group>"; };
		D0CCC014220C5527005F3C31 /* NetworkManager.swift */ = {isa = PBXFileReference; lastKnownFileType = sourcecode.swift; path = NetworkManager.swift; sourceTree = "<group>"; };
		D0DDA8FC2212914600319027 /* TestExtenstions.swift */ = {isa = PBXFileReference; lastKnownFileType = sourcecode.swift; path = TestExtenstions.swift; sourceTree = "<group>"; };
		D0F0D4E1220D3623006725C6 /* CActivityIndicator.swift */ = {isa = PBXFileReference; lastKnownFileType = sourcecode.swift; path = CActivityIndicator.swift; sourceTree = "<group>"; };
		D0F0D4E4220D90FE006725C6 /* UserTableViewCell.swift */ = {isa = PBXFileReference; lastKnownFileType = sourcecode.swift; path = UserTableViewCell.swift; sourceTree = "<group>"; };
		D0F0D4E8220D9841006725C6 /* UserTableViewCellPresenter.swift */ = {isa = PBXFileReference; lastKnownFileType = sourcecode.swift; path = UserTableViewCellPresenter.swift; sourceTree = "<group>"; };
		D0FDA642221BE72600E1BD9E /* Storyboarded.swift */ = {isa = PBXFileReference; fileEncoding = 4; lastKnownFileType = sourcecode.swift; path = Storyboarded.swift; sourceTree = "<group>"; };
/* End PBXFileReference section */

/* Begin PBXFrameworksBuildPhase section */
		D09B6B0A220AA67B00B14E95 /* Frameworks */ = {
			isa = PBXFrameworksBuildPhase;
			buildActionMask = 2147483647;
			files = (
			);
			runOnlyForDeploymentPostprocessing = 0;
		};
		D09B6B1E220AA67E00B14E95 /* Frameworks */ = {
			isa = PBXFrameworksBuildPhase;
			buildActionMask = 2147483647;
			files = (
			);
			runOnlyForDeploymentPostprocessing = 0;
		};
		D09B6B29220AA67E00B14E95 /* Frameworks */ = {
			isa = PBXFrameworksBuildPhase;
			buildActionMask = 2147483647;
			files = (
			);
			runOnlyForDeploymentPostprocessing = 0;
		};
/* End PBXFrameworksBuildPhase section */

/* Begin PBXGroup section */
		D07A534422112C9E00FF7FF9 /* Helpers */ = {
			isa = PBXGroup;
			children = (
				D0CCC00D220C464C005F3C31 /* TestConstants.swift */,
			);
			path = Helpers;
			sourceTree = "<group>";
		};
		D07A534522113C4B00FF7FF9 /* HomeTests */ = {
			isa = PBXGroup;
			children = (
				D07A534622113C8800FF7FF9 /* HomeTests.swift */,
				D07A534A221171E500FF7FF9 /* HomeMocks.swift */,
			);
			path = HomeTests;
			sourceTree = "<group>";
		};
		D07A534E2211895700FF7FF9 /* LoginUITests */ = {
			isa = PBXGroup;
			children = (
				D07A534F221189AD00FF7FF9 /* LoginUITests.swift */,
			);
			path = LoginUITests;
			sourceTree = "<group>";
		};
		D07A53532211A15300FF7FF9 /* Helpers */ = {
			isa = PBXGroup;
			children = (
				D07A53512211A14D00FF7FF9 /* TestConstants.swift */,
				D0DDA8FC2212914600319027 /* TestExtenstions.swift */,
			);
			path = Helpers;
			sourceTree = "<group>";
		};
		D09B6B04220AA67B00B14E95 = {
			isa = PBXGroup;
			children = (
				D09B6B0F220AA67C00B14E95 /* MVPDemo2 */,
				D09B6B24220AA67E00B14E95 /* MVPDemo2Tests */,
				D09B6B2F220AA67E00B14E95 /* MVPDemo2UITests */,
				D09B6B0E220AA67B00B14E95 /* Products */,
			);
			sourceTree = "<group>";
		};
		D09B6B0E220AA67B00B14E95 /* Products */ = {
			isa = PBXGroup;
			children = (
				D09B6B0D220AA67B00B14E95 /* MVPDemo2.app */,
				D09B6B21220AA67E00B14E95 /* MVPDemo2Tests.xctest */,
				D09B6B2C220AA67E00B14E95 /* MVPDemo2UITests.xctest */,
			);
			name = Products;
			sourceTree = "<group>";
		};
		D09B6B0F220AA67C00B14E95 /* MVPDemo2 */ = {
			isa = PBXGroup;
			children = (
				D09B6B10220AA67C00B14E95 /* AppDelegate.swift */,
				D0DDCD6A22140E9A000ED023 /* Helpers */,
				D09B6B5B220B028200B14E95 /* Models */,
				D09B6B3E220AA69400B14E95 /* Core */,
				D09B6B48220AB61000B14E95 /* Login */,
				D09B6B52220AC0A300B14E95 /* Home */,
				D0CCC013220C5510005F3C31 /* Networking */,
				D0F0D4E3220D90B3006725C6 /* Views */,
				D09B6B4F220AC05900B14E95 /* Storyboards */,
				D09B6B17220AA67E00B14E95 /* Assets.xcassets */,
				D09B6B1C220AA67E00B14E95 /* Info.plist */,
			);
			path = MVPDemo2;
			sourceTree = "<group>";
		};
		D09B6B24220AA67E00B14E95 /* MVPDemo2Tests */ = {
			isa = PBXGroup;
			children = (
				D09B6B27220AA67E00B14E95 /* Info.plist */,
				D07A534422112C9E00FF7FF9 /* Helpers */,
				D0CCC00C220C4612005F3C31 /* LoginTests */,
				D07A534522113C4B00FF7FF9 /* HomeTests */,
			);
			path = MVPDemo2Tests;
			sourceTree = "<group>";
		};
		D09B6B2F220AA67E00B14E95 /* MVPDemo2UITests */ = {
			isa = PBXGroup;
			children = (
				D07A53532211A15300FF7FF9 /* Helpers */,
				D07A534E2211895700FF7FF9 /* LoginUITests */,
				D09B6B32220AA67E00B14E95 /* Info.plist */,
			);
			path = MVPDemo2UITests;
			sourceTree = "<group>";
		};
		D09B6B3E220AA69400B14E95 /* Core */ = {
			isa = PBXGroup;
			children = (
				D09B6B46220AB5A300B14E95 /* BasePresenter.swift */,
				D09B6B4D220ABD1A00B14E95 /* BaseViewController.swift */,
				D09B6B55220AD5ED00B14E95 /* CKeypadObserver.swift */,
				D09B6B57220AD5F300B14E95 /* CoreViewController.swift */,
				D0F0D4E1220D3623006725C6 /* CActivityIndicator.swift */,
				D0FDA642221BE72600E1BD9E /* Storyboarded.swift */,
			);
			path = Core;
			sourceTree = "<group>";
		};
		D09B6B48220AB61000B14E95 /* Login */ = {
			isa = PBXGroup;
			children = (
				D09B6B49220AB63D00B14E95 /* LoginPresenter.swift */,
				D09B6B4B220AB66000B14E95 /* LoginViewController.swift */,
			);
			path = Login;
			sourceTree = "<group>";
		};
		D09B6B4F220AC05900B14E95 /* Storyboards */ = {
			isa = PBXGroup;
			children = (
				D09B6B19220AA67E00B14E95 /* LaunchScreen.storyboard */,
				D09B6B14220AA67C00B14E95 /* Main.storyboard */,
				D09B6B50220AC08700B14E95 /* Home.storyboard */,
			);
			path = Storyboards;
			sourceTree = "<group>";
		};
		D09B6B52220AC0A300B14E95 /* Home */ = {
			isa = PBXGroup;
			children = (
				D0CCC011220C4E74005F3C31 /* HomePresenter.swift */,
				D09B6B53220AC0BB00B14E95 /* HomeViewController.swift */,
			);
			path = Home;
			sourceTree = "<group>";
		};
		D09B6B5B220B028200B14E95 /* Models */ = {
			isa = PBXGroup;
			children = (
				D09B6B5C220B029700B14E95 /* User.swift */,
				D07A534C2211739F00FF7FF9 /* LoginModel.swift */,
			);
			path = Models;
			sourceTree = "<group>";
		};
		D0CCC00C220C4612005F3C31 /* LoginTests */ = {
			isa = PBXGroup;
			children = (
				D0CCC00A220C0DAE005F3C31 /* LoginTests.swift */,
				D07A53482211513A00FF7FF9 /* LoginMocks.swift */,
			);
			path = LoginTests;
			sourceTree = "<group>";
		};
		D0CCC013220C5510005F3C31 /* Networking */ = {
			isa = PBXGroup;
			children = (
				D0CCC014220C5527005F3C31 /* NetworkManager.swift */,
			);
			path = Networking;
			sourceTree = "<group>";
		};
		D0DDCD6A22140E9A000ED023 /* Helpers */ = {
			isa = PBXGroup;
			children = (
				D09B6B3F220AA6C000B14E95 /* Constants.swift */,
				D09B6B59220AFF5700B14E95 /* Extenstions.swift */,
			);
			path = Helpers;
			sourceTree = "<group>";
		};
		D0F0D4E3220D90B3006725C6 /* Views */ = {
			isa = PBXGroup;
			children = (
				D0F0D4E6220D9102006725C6 /* TableViewCells */,
			);
			path = Views;
			sourceTree = "<group>";
		};
		D0F0D4E6220D9102006725C6 /* TableViewCells */ = {
			isa = PBXGroup;
			children = (
				D0F0D4E7220D981B006725C6 /* UserTableViewCell */,
			);
			path = TableViewCells;
			sourceTree = "<group>";
		};
		D0F0D4E7220D981B006725C6 /* UserTableViewCell */ = {
			isa = PBXGroup;
			children = (
				D0F0D4E8220D9841006725C6 /* UserTableViewCellPresenter.swift */,
				D0F0D4E4220D90FE006725C6 /* UserTableViewCell.swift */,
			);
			path = UserTableViewCell;
			sourceTree = "<group>";
		};
/* End PBXGroup section */

/* Begin PBXNativeTarget section */
		D09B6B0C220AA67B00B14E95 /* MVPDemo2 */ = {
			isa = PBXNativeTarget;
			buildConfigurationList = D09B6B35220AA67E00B14E95 /* Build configuration list for PBXNativeTarget "MVPDemo2" */;
			buildPhases = (
				D09B6B09220AA67B00B14E95 /* Sources */,
				D09B6B0A220AA67B00B14E95 /* Frameworks */,
				D09B6B0B220AA67B00B14E95 /* Resources */,
			);
			buildRules = (
			);
			dependencies = (
			);
			name = MVPDemo2;
			productName = MVPDemo2;
			productReference = D09B6B0D220AA67B00B14E95 /* MVPDemo2.app */;
			productType = "com.apple.product-type.application";
		};
		D09B6B20220AA67E00B14E95 /* MVPDemo2Tests */ = {
			isa = PBXNativeTarget;
			buildConfigurationList = D09B6B38220AA67E00B14E95 /* Build configuration list for PBXNativeTarget "MVPDemo2Tests" */;
			buildPhases = (
				D09B6B1D220AA67E00B14E95 /* Sources */,
				D09B6B1E220AA67E00B14E95 /* Frameworks */,
				D09B6B1F220AA67E00B14E95 /* Resources */,
			);
			buildRules = (
			);
			dependencies = (
				D09B6B23220AA67E00B14E95 /* PBXTargetDependency */,
			);
			name = MVPDemo2Tests;
			productName = MVPDemo2Tests;
			productReference = D09B6B21220AA67E00B14E95 /* MVPDemo2Tests.xctest */;
			productType = "com.apple.product-type.bundle.unit-test";
		};
		D09B6B2B220AA67E00B14E95 /* MVPDemo2UITests */ = {
			isa = PBXNativeTarget;
			buildConfigurationList = D09B6B3B220AA67E00B14E95 /* Build configuration list for PBXNativeTarget "MVPDemo2UITests" */;
			buildPhases = (
				D09B6B28220AA67E00B14E95 /* Sources */,
				D09B6B29220AA67E00B14E95 /* Frameworks */,
				D09B6B2A220AA67E00B14E95 /* Resources */,
			);
			buildRules = (
			);
			dependencies = (
				D09B6B2E220AA67E00B14E95 /* PBXTargetDependency */,
			);
			name = MVPDemo2UITests;
			productName = MVPDemo2UITests;
			productReference = D09B6B2C220AA67E00B14E95 /* MVPDemo2UITests.xctest */;
			productType = "com.apple.product-type.bundle.ui-testing";
		};
/* End PBXNativeTarget section */

/* Begin PBXProject section */
		D09B6B05220AA67B00B14E95 /* Project object */ = {
			isa = PBXProject;
			attributes = {
				LastSwiftUpdateCheck = 1010;
				LastUpgradeCheck = 1010;
				ORGANIZATIONNAME = Bibin;
				TargetAttributes = {
					D09B6B0C220AA67B00B14E95 = {
						CreatedOnToolsVersion = 10.1;
					};
					D09B6B20220AA67E00B14E95 = {
						CreatedOnToolsVersion = 10.1;
						TestTargetID = D09B6B0C220AA67B00B14E95;
					};
					D09B6B2B220AA67E00B14E95 = {
						CreatedOnToolsVersion = 10.1;
						TestTargetID = D09B6B0C220AA67B00B14E95;
					};
				};
			};
			buildConfigurationList = D09B6B08220AA67B00B14E95 /* Build configuration list for PBXProject "MVPDemo2" */;
			compatibilityVersion = "Xcode 9.3";
			developmentRegion = en;
			hasScannedForEncodings = 0;
			knownRegions = (
				en,
				Base,
			);
			mainGroup = D09B6B04220AA67B00B14E95;
			productRefGroup = D09B6B0E220AA67B00B14E95 /* Products */;
			projectDirPath = "";
			projectRoot = "";
			targets = (
				D09B6B0C220AA67B00B14E95 /* MVPDemo2 */,
				D09B6B20220AA67E00B14E95 /* MVPDemo2Tests */,
				D09B6B2B220AA67E00B14E95 /* MVPDemo2UITests */,
			);
		};
/* End PBXProject section */

/* Begin PBXResourcesBuildPhase section */
		D09B6B0B220AA67B00B14E95 /* Resources */ = {
			isa = PBXResourcesBuildPhase;
			buildActionMask = 2147483647;
			files = (
				D09B6B1B220AA67E00B14E95 /* LaunchScreen.storyboard in Resources */,
				D09B6B18220AA67E00B14E95 /* Assets.xcassets in Resources */,
				D09B6B16220AA67C00B14E95 /* Main.storyboard in Resources */,
				D09B6B51220AC08700B14E95 /* Home.storyboard in Resources */,
			);
			runOnlyForDeploymentPostprocessing = 0;
		};
		D09B6B1F220AA67E00B14E95 /* Resources */ = {
			isa = PBXResourcesBuildPhase;
			buildActionMask = 2147483647;
			files = (
			);
			runOnlyForDeploymentPostprocessing = 0;
		};
		D09B6B2A220AA67E00B14E95 /* Resources */ = {
			isa = PBXResourcesBuildPhase;
			buildActionMask = 2147483647;
			files = (
			);
			runOnlyForDeploymentPostprocessing = 0;
		};
/* End PBXResourcesBuildPhase section */

/* Begin PBXSourcesBuildPhase section */
		D09B6B09220AA67B00B14E95 /* Sources */ = {
			isa = PBXSourcesBuildPhase;
			buildActionMask = 2147483647;
			files = (
				D09B6B4A220AB63D00B14E95 /* LoginPresenter.swift in Sources */,
				D09B6B56220AD5ED00B14E95 /* CKeypadObserver.swift in Sources */,
				D09B6B11220AA67C00B14E95 /* AppDelegate.swift in Sources */,
				D0CCC015220C5527005F3C31 /* NetworkManager.swift in Sources */,
				D0F0D4E5220D90FE006725C6 /* UserTableViewCell.swift in Sources */,
				D0FDA643221BE72600E1BD9E /* Storyboarded.swift in Sources */,
				D0CCC012220C4E74005F3C31 /* HomePresenter.swift in Sources */,
				D09B6B47220AB5A300B14E95 /* BasePresenter.swift in Sources */,
				D09B6B4C220AB66000B14E95 /* LoginViewController.swift in Sources */,
				D07A534D2211739F00FF7FF9 /* LoginModel.swift in Sources */,
				D09B6B40220AA6C000B14E95 /* Constants.swift in Sources */,
				D09B6B5A220AFF5700B14E95 /* Extenstions.swift in Sources */,
				D0F0D4E9220D9841006725C6 /* UserTableViewCellPresenter.swift in Sources */,
				D09B6B54220AC0BB00B14E95 /* HomeViewController.swift in Sources */,
				D09B6B4E220ABD1A00B14E95 /* BaseViewController.swift in Sources */,
				D09B6B58220AD5F300B14E95 /* CoreViewController.swift in Sources */,
				D0F0D4E2220D3623006725C6 /* CActivityIndicator.swift in Sources */,
				D09B6B5D220B029700B14E95 /* User.swift in Sources */,
			);
			runOnlyForDeploymentPostprocessing = 0;
		};
		D09B6B1D220AA67E00B14E95 /* Sources */ = {
			isa = PBXSourcesBuildPhase;
			buildActionMask = 2147483647;
			files = (
				D0CCC00E220C464C005F3C31 /* TestConstants.swift in Sources */,
				D07A53492211513A00FF7FF9 /* LoginMocks.swift in Sources */,
				D07A534722113C8800FF7FF9 /* HomeTests.swift in Sources */,
				D07A534B221171E500FF7FF9 /* HomeMocks.swift in Sources */,
				D0CCC00B220C0DAE005F3C31 /* LoginTests.swift in Sources */,
			);
			runOnlyForDeploymentPostprocessing = 0;
		};
		D09B6B28220AA67E00B14E95 /* Sources */ = {
			isa = PBXSourcesBuildPhase;
			buildActionMask = 2147483647;
			files = (
				D07A5350221189AD00FF7FF9 /* LoginUITests.swift in Sources */,
				D07A53522211A14D00FF7FF9 /* TestConstants.swift in Sources */,
				D0DDA8FD2212914600319027 /* TestExtenstions.swift in Sources */,
			);
			runOnlyForDeploymentPostprocessing = 0;
		};
/* End PBXSourcesBuildPhase section */

/* Begin PBXTargetDependency section */
		D09B6B23220AA67E00B14E95 /* PBXTargetDependency */ = {
			isa = PBXTargetDependency;
			target = D09B6B0C220AA67B00B14E95 /* MVPDemo2 */;
			targetProxy = D09B6B22220AA67E00B14E95 /* PBXContainerItemProxy */;
		};
		D09B6B2E220AA67E00B14E95 /* PBXTargetDependency */ = {
			isa = PBXTargetDependency;
			target = D09B6B0C220AA67B00B14E95 /* MVPDemo2 */;
			targetProxy = D09B6B2D220AA67E00B14E95 /* PBXContainerItemProxy */;
		};
/* End PBXTargetDependency section */

/* Begin PBXVariantGroup section */
		D09B6B14220AA67C00B14E95 /* Main.storyboard */ = {
			isa = PBXVariantGroup;
			children = (
				D09B6B15220AA67C00B14E95 /* Base */,
			);
			name = Main.storyboard;
			sourceTree = "<group>";
		};
		D09B6B19220AA67E00B14E95 /* LaunchScreen.storyboard */ = {
			isa = PBXVariantGroup;
			children = (
				D09B6B1A220AA67E00B14E95 /* Base */,
			);
			name = LaunchScreen.storyboard;
			sourceTree = "<group>";
		};
/* End PBXVariantGroup section */

/* Begin XCBuildConfiguration section */
		D09B6B33220AA67E00B14E95 /* Debug */ = {
			isa = XCBuildConfiguration;
			buildSettings = {
				ALWAYS_SEARCH_USER_PATHS = NO;
				CLANG_ANALYZER_NONNULL = YES;
				CLANG_ANALYZER_NUMBER_OBJECT_CONVERSION = YES_AGGRESSIVE;
				CLANG_CXX_LANGUAGE_STANDARD = "gnu++14";
				CLANG_CXX_LIBRARY = "libc++";
				CLANG_ENABLE_MODULES = YES;
				CLANG_ENABLE_OBJC_ARC = YES;
				CLANG_ENABLE_OBJC_WEAK = YES;
				CLANG_WARN_BLOCK_CAPTURE_AUTORELEASING = YES;
				CLANG_WARN_BOOL_CONVERSION = YES;
				CLANG_WARN_COMMA = YES;
				CLANG_WARN_CONSTANT_CONVERSION = YES;
				CLANG_WARN_DEPRECATED_OBJC_IMPLEMENTATIONS = YES;
				CLANG_WARN_DIRECT_OBJC_ISA_USAGE = YES_ERROR;
				CLANG_WARN_DOCUMENTATION_COMMENTS = YES;
				CLANG_WARN_EMPTY_BODY = YES;
				CLANG_WARN_ENUM_CONVERSION = YES;
				CLANG_WARN_INFINITE_RECURSION = YES;
				CLANG_WARN_INT_CONVERSION = YES;
				CLANG_WARN_NON_LITERAL_NULL_CONVERSION = YES;
				CLANG_WARN_OBJC_IMPLICIT_RETAIN_SELF = YES;
				CLANG_WARN_OBJC_LITERAL_CONVERSION = YES;
				CLANG_WARN_OBJC_ROOT_CLASS = YES_ERROR;
				CLANG_WARN_RANGE_LOOP_ANALYSIS = YES;
				CLANG_WARN_STRICT_PROTOTYPES = YES;
				CLANG_WARN_SUSPICIOUS_MOVE = YES;
				CLANG_WARN_UNGUARDED_AVAILABILITY = YES_AGGRESSIVE;
				CLANG_WARN_UNREACHABLE_CODE = YES;
				CLANG_WARN__DUPLICATE_METHOD_MATCH = YES;
				CODE_SIGN_IDENTITY = "iPhone Developer";
				COPY_PHASE_STRIP = NO;
				DEBUG_INFORMATION_FORMAT = dwarf;
				ENABLE_STRICT_OBJC_MSGSEND = YES;
				ENABLE_TESTABILITY = YES;
				GCC_C_LANGUAGE_STANDARD = gnu11;
				GCC_DYNAMIC_NO_PIC = NO;
				GCC_NO_COMMON_BLOCKS = YES;
				GCC_OPTIMIZATION_LEVEL = 0;
				GCC_PREPROCESSOR_DEFINITIONS = (
					"DEBUG=1",
					"$(inherited)",
				);
				GCC_WARN_64_TO_32_BIT_CONVERSION = YES;
				GCC_WARN_ABOUT_RETURN_TYPE = YES_ERROR;
				GCC_WARN_UNDECLARED_SELECTOR = YES;
				GCC_WARN_UNINITIALIZED_AUTOS = YES_AGGRESSIVE;
				GCC_WARN_UNUSED_FUNCTION = YES;
				GCC_WARN_UNUSED_VARIABLE = YES;
				IPHONEOS_DEPLOYMENT_TARGET = 12.1;
				MTL_ENABLE_DEBUG_INFO = INCLUDE_SOURCE;
				MTL_FAST_MATH = YES;
				ONLY_ACTIVE_ARCH = YES;
				SDKROOT = iphoneos;
				SWIFT_ACTIVE_COMPILATION_CONDITIONS = DEBUG;
				SWIFT_OPTIMIZATION_LEVEL = "-Onone";
			};
			name = Debug;
		};
		D09B6B34220AA67E00B14E95 /* Release */ = {
			isa = XCBuildConfiguration;
			buildSettings = {
				ALWAYS_SEARCH_USER_PATHS = NO;
				CLANG_ANALYZER_NONNULL = YES;
				CLANG_ANALYZER_NUMBER_OBJECT_CONVERSION = YES_AGGRESSIVE;
				CLANG_CXX_LANGUAGE_STANDARD = "gnu++14";
				CLANG_CXX_LIBRARY = "libc++";
				CLANG_ENABLE_MODULES = YES;
				CLANG_ENABLE_OBJC_ARC = YES;
				CLANG_ENABLE_OBJC_WEAK = YES;
				CLANG_WARN_BLOCK_CAPTURE_AUTORELEASING = YES;
				CLANG_WARN_BOOL_CONVERSION = YES;
				CLANG_WARN_COMMA = YES;
				CLANG_WARN_CONSTANT_CONVERSION = YES;
				CLANG_WARN_DEPRECATED_OBJC_IMPLEMENTATIONS = YES;
				CLANG_WARN_DIRECT_OBJC_ISA_USAGE = YES_ERROR;
				CLANG_WARN_DOCUMENTATION_COMMENTS = YES;
				CLANG_WARN_EMPTY_BODY = YES;
				CLANG_WARN_ENUM_CONVERSION = YES;
				CLANG_WARN_INFINITE_RECURSION = YES;
				CLANG_WARN_INT_CONVERSION = YES;
				CLANG_WARN_NON_LITERAL_NULL_CONVERSION = YES;
				CLANG_WARN_OBJC_IMPLICIT_RETAIN_SELF = YES;
				CLANG_WARN_OBJC_LITERAL_CONVERSION = YES;
				CLANG_WARN_OBJC_ROOT_CLASS = YES_ERROR;
				CLANG_WARN_RANGE_LOOP_ANALYSIS = YES;
				CLANG_WARN_STRICT_PROTOTYPES = YES;
				CLANG_WARN_SUSPICIOUS_MOVE = YES;
				CLANG_WARN_UNGUARDED_AVAILABILITY = YES_AGGRESSIVE;
				CLANG_WARN_UNREACHABLE_CODE = YES;
				CLANG_WARN__DUPLICATE_METHOD_MATCH = YES;
				CODE_SIGN_IDENTITY = "iPhone Developer";
				COPY_PHASE_STRIP = NO;
				DEBUG_INFORMATION_FORMAT = "dwarf-with-dsym";
				ENABLE_NS_ASSERTIONS = NO;
				ENABLE_STRICT_OBJC_MSGSEND = YES;
				GCC_C_LANGUAGE_STANDARD = gnu11;
				GCC_NO_COMMON_BLOCKS = YES;
				GCC_WARN_64_TO_32_BIT_CONVERSION = YES;
				GCC_WARN_ABOUT_RETURN_TYPE = YES_ERROR;
				GCC_WARN_UNDECLARED_SELECTOR = YES;
				GCC_WARN_UNINITIALIZED_AUTOS = YES_AGGRESSIVE;
				GCC_WARN_UNUSED_FUNCTION = YES;
				GCC_WARN_UNUSED_VARIABLE = YES;
				IPHONEOS_DEPLOYMENT_TARGET = 12.1;
				MTL_ENABLE_DEBUG_INFO = NO;
				MTL_FAST_MATH = YES;
				SDKROOT = iphoneos;
				SWIFT_COMPILATION_MODE = wholemodule;
				SWIFT_OPTIMIZATION_LEVEL = "-O";
				VALIDATE_PRODUCT = YES;
			};
			name = Release;
		};
		D09B6B36220AA67E00B14E95 /* Debug */ = {
			isa = XCBuildConfiguration;
			buildSettings = {
				ASSETCATALOG_COMPILER_APPICON_NAME = AppIcon;
				CODE_SIGN_STYLE = Manual;
				DEVELOPMENT_TEAM = "";
				INFOPLIST_FILE = MVPDemo2/Info.plist;
				IPHONEOS_DEPLOYMENT_TARGET = 10.0;
				LD_RUNPATH_SEARCH_PATHS = (
					"$(inherited)",
					"@executable_path/Frameworks",
				);
				PRODUCT_BUNDLE_IDENTIFIER = com.hifx.MVPDemo2;
				PRODUCT_NAME = "$(TARGET_NAME)";
				PROVISIONING_PROFILE_SPECIFIER = "";
				SWIFT_VERSION = 4.2;
				TARGETED_DEVICE_FAMILY = "1,2";
			};
			name = Debug;
		};
		D09B6B37220AA67E00B14E95 /* Release */ = {
			isa = XCBuildConfiguration;
			buildSettings = {
				ASSETCATALOG_COMPILER_APPICON_NAME = AppIcon;
				CODE_SIGN_STYLE = Manual;
				DEVELOPMENT_TEAM = "";
				INFOPLIST_FILE = MVPDemo2/Info.plist;
				IPHONEOS_DEPLOYMENT_TARGET = 10.0;
				LD_RUNPATH_SEARCH_PATHS = (
					"$(inherited)",
					"@executable_path/Frameworks",
				);
				PRODUCT_BUNDLE_IDENTIFIER = com.hifx.MVPDemo2;
				PRODUCT_NAME = "$(TARGET_NAME)";
				PROVISIONING_PROFILE_SPECIFIER = "";
				SWIFT_VERSION = 4.2;
				TARGETED_DEVICE_FAMILY = "1,2";
			};
			name = Release;
		};
		D09B6B39220AA67E00B14E95 /* Debug */ = {
			isa = XCBuildConfiguration;
			buildSettings = {
				ALWAYS_EMBED_SWIFT_STANDARD_LIBRARIES = YES;
				BUNDLE_LOADER = "$(TEST_HOST)";
				CODE_SIGN_STYLE = Automatic;
				INFOPLIST_FILE = MVPDemo2Tests/Info.plist;
				LD_RUNPATH_SEARCH_PATHS = (
					"$(inherited)",
					"@executable_path/Frameworks",
					"@loader_path/Frameworks",
				);
				PRODUCT_BUNDLE_IDENTIFIER = com.hifx.MVPDemo2Tests;
				PRODUCT_NAME = "$(TARGET_NAME)";
				SWIFT_VERSION = 4.2;
				TARGETED_DEVICE_FAMILY = "1,2";
				TEST_HOST = "$(BUILT_PRODUCTS_DIR)/MVPDemo2.app/MVPDemo2";
			};
			name = Debug;
		};
		D09B6B3A220AA67E00B14E95 /* Release */ = {
			isa = XCBuildConfiguration;
			buildSettings = {
				ALWAYS_EMBED_SWIFT_STANDARD_LIBRARIES = YES;
				BUNDLE_LOADER = "$(TEST_HOST)";
				CODE_SIGN_STYLE = Automatic;
				INFOPLIST_FILE = MVPDemo2Tests/Info.plist;
				LD_RUNPATH_SEARCH_PATHS = (
					"$(inherited)",
					"@executable_path/Frameworks",
					"@loader_path/Frameworks",
				);
				PRODUCT_BUNDLE_IDENTIFIER = com.hifx.MVPDemo2Tests;
				PRODUCT_NAME = "$(TARGET_NAME)";
				SWIFT_VERSION = 4.2;
				TARGETED_DEVICE_FAMILY = "1,2";
				TEST_HOST = "$(BUILT_PRODUCTS_DIR)/MVPDemo2.app/MVPDemo2";
			};
			name = Release;
		};
		D09B6B3C220AA67E00B14E95 /* Debug */ = {
			isa = XCBuildConfiguration;
			buildSettings = {
				ALWAYS_EMBED_SWIFT_STANDARD_LIBRARIES = YES;
				CODE_SIGN_STYLE = Automatic;
				INFOPLIST_FILE = MVPDemo2UITests/Info.plist;
				LD_RUNPATH_SEARCH_PATHS = (
					"$(inherited)",
					"@executable_path/Frameworks",
					"@loader_path/Frameworks",
				);
				PRODUCT_BUNDLE_IDENTIFIER = com.hifx.MVPDemo2UITests;
				PRODUCT_NAME = "$(TARGET_NAME)";
				SWIFT_VERSION = 4.2;
				TARGETED_DEVICE_FAMILY = "1,2";
				TEST_TARGET_NAME = MVPDemo2;
			};
			name = Debug;
		};
		D09B6B3D220AA67E00B14E95 /* Release */ = {
			isa = XCBuildConfiguration;
			buildSettings = {
				ALWAYS_EMBED_SWIFT_STANDARD_LIBRARIES = YES;
				CODE_SIGN_STYLE = Automatic;
				INFOPLIST_FILE = MVPDemo2UITests/Info.plist;
				LD_RUNPATH_SEARCH_PATHS = (
					"$(inherited)",
					"@executable_path/Frameworks",
					"@loader_path/Frameworks",
				);
				PRODUCT_BUNDLE_IDENTIFIER = com.hifx.MVPDemo2UITests;
				PRODUCT_NAME = "$(TARGET_NAME)";
				SWIFT_VERSION = 4.2;
				TARGETED_DEVICE_FAMILY = "1,2";
				TEST_TARGET_NAME = MVPDemo2;
			};
			name = Release;
		};
/* End XCBuildConfiguration section */

/* Begin XCConfigurationList section */
		D09B6B08220AA67B00B14E95 /* Build configuration list for PBXProject "MVPDemo2" */ = {
			isa = XCConfigurationList;
			buildConfigurations = (
				D09B6B33220AA67E00B14E95 /* Debug */,
				D09B6B34220AA67E00B14E95 /* Release */,
			);
			defaultConfigurationIsVisible = 0;
			defaultConfigurationName = Release;
		};
		D09B6B35220AA67E00B14E95 /* Build configuration list for PBXNativeTarget "MVPDemo2" */ = {
			isa = XCConfigurationList;
			buildConfigurations = (
				D09B6B36220AA67E00B14E95 /* Debug */,
				D09B6B37220AA67E00B14E95 /* Release */,
			);
			defaultConfigurationIsVisible = 0;
			defaultConfigurationName = Release;
		};
		D09B6B38220AA67E00B14E95 /* Build configuration list for PBXNativeTarget "MVPDemo2Tests" */ = {
			isa = XCConfigurationList;
			buildConfigurations = (
				D09B6B39220AA67E00B14E95 /* Debug */,
				D09B6B3A220AA67E00B14E95 /* Release */,
			);
			defaultConfigurationIsVisible = 0;
			defaultConfigurationName = Release;
		};
		D09B6B3B220AA67E00B14E95 /* Build configuration list for PBXNativeTarget "MVPDemo2UITests" */ = {
			isa = XCConfigurationList;
			buildConfigurations = (
				D09B6B3C220AA67E00B14E95 /* Debug */,
				D09B6B3D220AA67E00B14E95 /* Release */,
			);
			defaultConfigurationIsVisible = 0;
			defaultConfigurationName = Release;
		};
/* End XCConfigurationList section */
	};
	rootObject = D09B6B05220AA67B00B14E95 /* Project object */;
}
